# This file is automatically @generated by Cargo.
# It is not intended for manual editing.
version = 4

[[package]]
name = "cc"
version = "1.2.62"
source = "registry+https://github.com/rust-lang/crates.io-index"
checksum = "a1dce859f0832a7d088c4f1119888ab94ef4b5d6795d1ce05afb7fe159d79f98"
dependencies = [
 "find-msvc-tools",
 "shlex",
]

[[package]]
name = "find-msvc-tools"
version = "0.1.9"
source = "registry+https://github.com/rust-lang/crates.io-index"
checksum = "5baebc0774151f905a1a2cc41989300b1e6fbb29aff0ceffa1064fdd3088d582"

[[package]]
name = "libmimalloc-sys"
version = "0.1.48"
source = "registry+https://github.com/rust-lang/crates.io-index"
checksum = "2892ae4ea6fa2cb7acb0e236a6880d39523239cd9089de71d220910ccc806790"
dependencies = [
 "cc",
]

[[package]]
name = "mimalloc"
version = "0.1.51"
source = "registry+https://github.com/rust-lang/crates.io-index"
checksum = "ebca48a43116bc25f18a61360f1be98412f50cc218f5e52c823086b999a4a21a"
dependencies = [
 "libmimalloc-sys",
]

[[package]]
name = "qwksim-analysis"
version = "0.1.0"

[[package]]
name = "qwksim-bargain"
version = "0.1.0"

[[package]]
name = "qwksim-baselines"
version = "0.1.0"

[[package]]
name = "qwksim-cli"
version = "0.1.0"
dependencies = [
 "mimalloc",
]

[[package]]
name = "qwksim-core"
version = "0.1.0"

[[package]]
name = "qwksim-experiment"
version = "0.1.0"

[[package]]
name = "qwksim-qpu"
version = "0.1.0"

[[package]]
name = "qwksim-resources"
version = "0.1.0"

[[package]]
name = "qwksim-scheduler"
version = "0.1.0"

[[package]]
name = "qwksim-workflow"
version = "0.1.0"

[[package]]
name = "shlex"
version = "1.3.0"
source = "registry+https://github.com/rust-lang/crates.io-index"
checksum = "0fda2ff0d084019ba4d7c6f371c95d8fd75ce3524c3cb8fb653a3023f6323e64"
