# This file is automatically @generated by Cargo.
# It is not intended for manual editing.
version = 4

[[package]]
name = "qwksim-analysis"
version = "0.1.0"

[[package]]
name = "qwksim-bargain"
version = "0.1.0"

[[package]]
name = "qwksim-baselines"
version = "0.1.0"

[[package]]
name = "qwksim-cli"
version = "0.1.0"

[[package]]
name = "qwksim-core"
version = "0.1.0"

[[package]]
name = "qwksim-experiment"
version = "0.1.0"

[[package]]
name = "qwksim-qpu"
version = "0.1.0"

[[package]]
name = "qwksim-resources"
version = "0.1.0"

[[package]]
name = "qwksim-scheduler"
version = "0.1.0"

[[package]]
name = "qwksim-workflow"
version = "0.1.0"
